
Microsoft Visual Studio Solution File, Format Version 12.00
# Visual Studio Version 16
VisualStudioVersion = 16.0.31019.35
MinimumVisualStudioVersion = 10.0.40219.1
Project("{9A19103F-16F7-4668-BE54-9A1E7A4F7556}") = "LIGA_FUTBOL", "LIGA_FUTBOL\LIGA_FUTBOL.csproj", "{C0E7D7BA-5013-4FFA-A652-1B6CD710FC45}"
EndProject
Project("{9A19103F-16F7-4668-BE54-9A1E7A4F7556}") = "CAPA_DATOS", "CAPA_DATOS\CAPA_DATOS.csproj", "{B7A39171-EA87-410A-8E92-016FB1868F8E}"
EndProject
Project("{9A19103F-16F7-4668-BE54-9A1E7A4F7556}") = "CAPA_NEGOCIO", "CAPA_NEGOCIO\CAPA_NEGOCIO.csproj", "{B8CCA8DB-4653-4B7E-88DB-7A9703EBC5EB}"
EndProject
Project("{9A19103F-16F7-4668-BE54-9A1E7A4F7556}") = "WebApplication1", "..\..\..\..\source\repos\WebApplication1\WebApplication1\WebApplication1.csproj", "{0570BB33-128C-4423-9481-A70343210AAF}"
EndProject
Global
	GlobalSection(SolutionConfigurationPlatforms) = preSolution
		Debug|Any CPU = Debug|Any CPU
		Release|Any CPU = Release|Any CPU
	EndGlobalSection
	GlobalSection(ProjectConfigurationPlatforms) = postSolution
		{C0E7D7BA-5013-4FFA-A652-1B6CD710FC45}.Debug|Any CPU.ActiveCfg = Debug|Any CPU
		{C0E7D7BA-5013-4FFA-A652-1B6CD710FC45}.Debug|Any CPU.Build.0 = Debug|Any CPU
		{C0E7D7BA-5013-4FFA-A652-1B6CD710FC45}.Release|Any CPU.ActiveCfg = Release|Any CPU
		{C0E7D7BA-5013-4FFA-A652-1B6CD710FC45}.Release|Any CPU.Build.0 = Release|Any CPU
		{B7A39171-EA87-410A-8E92-016FB1868F8E}.Debug|Any CPU.ActiveCfg = Debug|Any CPU
		{B7A39171-EA87-410A-8E92-016FB1868F8E}.Debug|Any CPU.Build.0 = Debug|Any CPU
		{B7A39171-EA87-410A-8E92-016FB1868F8E}.Release|Any CPU.ActiveCfg = Release|Any CPU
		{B7A39171-EA87-410A-8E92-016FB1868F8E}.Release|Any CPU.Build.0 = Release|Any CPU
		{B8CCA8DB-4653-4B7E-88DB-7A9703EBC5EB}.Debug|Any CPU.ActiveCfg = Debug|Any CPU
		{B8CCA8DB-4653-4B7E-88DB-7A9703EBC5EB}.Debug|Any CPU.Build.0 = Debug|Any CPU
		{B8CCA8DB-4653-4B7E-88DB-7A9703EBC5EB}.Release|Any CPU.ActiveCfg = Release|Any CPU
		{B8CCA8DB-4653-4B7E-88DB-7A9703EBC5EB}.Release|Any CPU.Build.0 = Release|Any CPU
		{0570BB33-128C-4423-9481-A70343210AAF}.Debug|Any CPU.ActiveCfg = Debug|Any CPU
		{0570BB33-128C-4423-9481-A70343210AAF}.Debug|Any CPU.Build.0 = Debug|Any CPU
		{0570BB33-128C-4423-9481-A70343210AAF}.Release|Any CPU.ActiveCfg = Release|Any CPU
		{0570BB33-128C-4423-9481-A70343210AAF}.Release|Any CPU.Build.0 = Release|Any CPU
	EndGlobalSection
	GlobalSection(SolutionProperties) = preSolution
		HideSolutionNode = FALSE
	EndGlobalSection
	GlobalSection(ExtensibilityGlobals) = postSolution
		SolutionGuid = {A7906321-BADB-40F8-B4FA-8EAE99E815BF}
	EndGlobalSection
EndGlobal
